PODS:
  - BetterKeyboardSDK (0.1.0)

DEPENDENCIES:
  - BetterKeyboardSDK (from `../`)

EXTERNAL SOURCES:
  BetterKeyboardSDK:
    :path: "../"

SPEC CHECKSUMS:
  BetterKeyboardSDK: da35d85b53ee793f495f1b3d53c47222b1819686

PODFILE CHECKSUM: f7ff6b965447caa53e3bcdd2e8c3da0aada5f30a

COCOAPODS: 1.6.0.beta.2
