PODS:
  - BetterKeyboardSDK (0.1.1)

DEPENDENCIES:
  - BetterKeyboardSDK (from `../`)

EXTERNAL SOURCES:
  BetterKeyboardSDK:
    :path: "../"

SPEC CHECKSUMS:
  BetterKeyboardSDK: 3277efad6f98b48666861ebee8931b0f3637875d

PODFILE CHECKSUM: eee3d10686a02a08fab6200d4c85b007d23a039d

COCOAPODS: 1.10.0
